
Microsoft Visual Studio Solution File, Format Version 12.00
# Visual Studio Version 17
VisualStudioVersion = 17.8.34309.116
MinimumVisualStudioVersion = 10.0.40219.1
Project("{FAE04EC0-301F-11D3-BF4B-00C04F79EFBC}") = "AppVendas", "AppVendas.csproj", "{756E6E7E-8B44-4DD8-BABC-D80368462A86}"
EndProject
Global
	GlobalSection(SolutionConfigurationPlatforms) = preSolution
		Debug|Any CPU = Debug|Any CPU
		Release|Any CPU = Release|Any CPU
	EndGlobalSection
	GlobalSection(ProjectConfigurationPlatforms) = postSolution
		{756E6E7E-8B44-4DD8-BABC-D80368462A86}.Debug|Any CPU.ActiveCfg = Debug|Any CPU
		{756E6E7E-8B44-4DD8-BABC-D80368462A86}.Debug|Any CPU.Build.0 = Debug|Any CPU
		{756E6E7E-8B44-4DD8-BABC-D80368462A86}.Release|Any CPU.ActiveCfg = Release|Any CPU
		{756E6E7E-8B44-4DD8-BABC-D80368462A86}.Release|Any CPU.Build.0 = Release|Any CPU
	EndGlobalSection
	GlobalSection(SolutionProperties) = preSolution
		HideSolutionNode = FALSE
	EndGlobalSection
	GlobalSection(ExtensibilityGlobals) = postSolution
		SolutionGuid = {F3F9EE0E-66D1-4F54-B404-D631E443492B}
	EndGlobalSection
EndGlobal
